
Microsoft Visual Studio Solution File, Format Version 12.00
# Visual Studio Version 17
VisualStudioVersion = 17.10.34928.147
MinimumVisualStudioVersion = 10.0.40219.1
Project("{FAE04EC0-301F-11D3-BF4B-00C04F79EFBC}") = "ExercicioConversao", "ExercicioConversao.csproj", "{619CA880-E5FC-429E-9D56-3C62EDC26FC8}"
EndProject
Global
	GlobalSection(SolutionConfigurationPlatforms) = preSolution
		Debug|Any CPU = Debug|Any CPU
		Release|Any CPU = Release|Any CPU
	EndGlobalSection
	GlobalSection(ProjectConfigurationPlatforms) = postSolution
		{619CA880-E5FC-429E-9D56-3C62EDC26FC8}.Debug|Any CPU.ActiveCfg = Debug|Any CPU
		{619CA880-E5FC-429E-9D56-3C62EDC26FC8}.Debug|Any CPU.Build.0 = Debug|Any CPU
		{619CA880-E5FC-429E-9D56-3C62EDC26FC8}.Release|Any CPU.ActiveCfg = Release|Any CPU
		{619CA880-E5FC-429E-9D56-3C62EDC26FC8}.Release|Any CPU.Build.0 = Release|Any CPU
	EndGlobalSection
	GlobalSection(SolutionProperties) = preSolution
		HideSolutionNode = FALSE
	EndGlobalSection
	GlobalSection(ExtensibilityGlobals) = postSolution
		SolutionGuid = {F30D4CF4-9C88-4C2B-87E2-F358FF1D5D5D}
	EndGlobalSection
EndGlobal
